PODS:
  - Alamofire (4.8.2)
  - Atributika (4.10.1)
  - AudioPlayerManager (1.2.3)
  - Firebase/Analytics (6.9.0):
    - Firebase/Core
  - Firebase/Core (6.9.0):
    - Firebase/CoreOnly
    - FirebaseAnalytics (= 6.1.2)
  - Firebase/CoreOnly (6.9.0):
    - FirebaseCore (= 6.3.0)
  - Firebase/Messaging (6.9.0):
    - Firebase/CoreOnly
    - FirebaseMessaging (~> 4.1.4)
  - FirebaseAnalytics (6.1.2):
    - FirebaseCore (~> 6.3)
    - FirebaseInstanceID (~> 4.2)
    - GoogleAppMeasurement (= 6.1.2)
    - GoogleUtilities/AppDelegateSwizzler (~> 6.0)
    - GoogleUtilities/MethodSwizzler (~> 6.0)
    - GoogleUtilities/Network (~> 6.0)
    - "GoogleUtilities/NSData+zlib (~> 6.0)"
    - nanopb (~> 0.3)
  - FirebaseAnalyticsInterop (1.5.0)
  - FirebaseCore (6.3.0):
    - FirebaseCoreDiagnostics (~> 1.0)
    - FirebaseCoreDiagnosticsInterop (~> 1.0)
    - GoogleUtilities/Environment (~> 6.2)
    - GoogleUtilities/Logger (~> 6.2)
  - FirebaseCoreDiagnostics (1.2.4):
    - FirebaseCoreDiagnosticsInterop (~> 1.2)
    - GoogleDataTransportCCTSupport (~> 3.0)
    - GoogleUtilities/Environment (~> 6.5)
    - GoogleUtilities/Logger (~> 6.5)
    - nanopb (~> 0.3.901)
  - FirebaseCoreDiagnosticsInterop (1.2.0)
  - FirebaseInstanceID (4.2.7):
    - FirebaseCore (~> 6.0)
    - GoogleUtilities/Environment (~> 6.0)
    - GoogleUtilities/UserDefaults (~> 6.0)
  - FirebaseMessaging (4.1.10):
    - FirebaseAnalyticsInterop (~> 1.3)
    - FirebaseCore (~> 6.2)
    - FirebaseInstanceID (~> 4.1)
    - GoogleUtilities/AppDelegateSwizzler (~> 6.2)
    - GoogleUtilities/Environment (~> 6.2)
    - GoogleUtilities/Reachability (~> 6.2)
    - GoogleUtilities/UserDefaults (~> 6.2)
    - Protobuf (>= 3.9.2, ~> 3.9)
  - GoogleAppMeasurement (6.1.2):
    - GoogleUtilities/AppDelegateSwizzler (~> 6.0)
    - GoogleUtilities/MethodSwizzler (~> 6.0)
    - GoogleUtilities/Network (~> 6.0)
    - "GoogleUtilities/NSData+zlib (~> 6.0)"
    - nanopb (~> 0.3)
  - GoogleDataTransport (6.2.1)
  - GoogleDataTransportCCTSupport (3.0.0):
    - GoogleDataTransport (~> 6.0)
    - nanopb (~> 0.3.901)
  - GoogleMaps (5.1.0):
    - GoogleMaps/Maps (= 5.1.0)
  - GoogleMaps/Base (5.1.0)
  - GoogleMaps/Maps (5.1.0):
    - GoogleMaps/Base
  - GooglePlaces (5.0.0)
  - GoogleUtilities/AppDelegateSwizzler (6.7.2):
    - GoogleUtilities/Environment
    - GoogleUtilities/Logger
    - GoogleUtilities/Network
  - GoogleUtilities/Environment (6.7.2):
    - PromisesObjC (~> 1.2)
  - GoogleUtilities/Logger (6.7.2):
    - GoogleUtilities/Environment
  - GoogleUtilities/MethodSwizzler (6.7.2):
    - GoogleUtilities/Logger
  - GoogleUtilities/Network (6.7.2):
    - GoogleUtilities/Logger
    - "GoogleUtilities/NSData+zlib"
    - GoogleUtilities/Reachability
  - "GoogleUtilities/NSData+zlib (6.7.2)"
  - GoogleUtilities/Reachability (6.7.2):
    - GoogleUtilities/Logger
  - GoogleUtilities/UserDefaults (6.7.2):
    - GoogleUtilities/Logger
  - HGPlaceholders (0.5.0)
  - iCarousel (1.8.3)
  - IQDropDownTextField (2.0)
  - IQKeyboardManagerSwift (6.5.6)
  - libPhoneNumber-iOS (0.9.15)
  - nanopb (0.3.9011):
    - nanopb/decode (= 0.3.9011)
    - nanopb/encode (= 0.3.9011)
  - nanopb/decode (0.3.9011)
  - nanopb/encode (0.3.9011)
  - PromisesObjC (1.2.12)
  - Protobuf (3.17.0)
  - ReadMoreTextView (3.0.1)
  - SDWebImage (5.11.1):
    - SDWebImage/Core (= 5.11.1)
  - SDWebImage/Core (5.11.1)
  - Socket.IO-Client-Swift (15.1.0):
    - Starscream (~> 3.1)
  - Starscream (3.1.1)
  - SwiftGifOrigin (1.7.0)
  - TOCropViewController (2.5.0)

DEPENDENCIES:
  - Alamofire (= 4.8.2)
  - Atributika
  - AudioPlayerManager
  - Firebase/Analytics (= 6.9.0)
  - Firebase/Core (= 6.9.0)
  - Firebase/Messaging (= 6.9.0)
  - GoogleMaps
  - GooglePlaces
  - HGPlaceholders
  - iCarousel
  - IQDropDownTextField (= 2.0)
  - IQKeyboardManagerSwift
  - libPhoneNumber-iOS (~> 0.8)
  - ReadMoreTextView
  - SDWebImage
  - Socket.IO-Client-Swift (= 15.1.0)
  - SwiftGifOrigin
  - TOCropViewController (= 2.5.0)

SPEC REPOS:
  trunk:
    - Alamofire
    - Atributika
    - AudioPlayerManager
    - Firebase
    - FirebaseAnalytics
    - FirebaseAnalyticsInterop
    - FirebaseCore
    - FirebaseCoreDiagnostics
    - FirebaseCoreDiagnosticsInterop
    - FirebaseInstanceID
    - FirebaseMessaging
    - GoogleAppMeasurement
    - GoogleDataTransport
    - GoogleDataTransportCCTSupport
    - GoogleMaps
    - GooglePlaces
    - GoogleUtilities
    - HGPlaceholders
    - iCarousel
    - IQDropDownTextField
    - IQKeyboardManagerSwift
    - libPhoneNumber-iOS
    - nanopb
    - PromisesObjC
    - Protobuf
    - ReadMoreTextView
    - SDWebImage
    - Socket.IO-Client-Swift
    - Starscream
    - SwiftGifOrigin
    - TOCropViewController

SPEC CHECKSUMS:
  Alamofire: ae5c501addb7afdbb13687d7f2f722c78734c2d3
  Atributika: 47e778507cfb3cd2c996278b0285221a62e97d71
  AudioPlayerManager: 02601ac29abb8efc0043c851ee5f5c79e69d77fa
  Firebase: 2d750c54cda57d5a6ae31212cfe5cc813c6be7e4
  FirebaseAnalytics: 5d9ccbf46ed25d3ec9304d263f85bddf1e93e2d2
  FirebaseAnalyticsInterop: 3f86269c38ae41f47afeb43ebf32a001f58fcdae
  FirebaseCore: 8b2765c445d40db7137989b7146a3aa3f91b5529
  FirebaseCoreDiagnostics: b59c024493a409f8aecba02c99928d0d8431d159
  FirebaseCoreDiagnosticsInterop: 296e2c5f5314500a850ad0b83e9e7c10b011a850
  FirebaseInstanceID: ebd2ea79ee38db0cb5f5167b17a0d387e1cc7b6e
  FirebaseMessaging: 089b7a4991425783384acc8bcefcd78c0af913bd
  GoogleAppMeasurement: 0ae90be1cc4dad40f4a27fc767ef59fa032ec87b
  GoogleDataTransport: 9a8a16f79feffc7f42096743de2a7c4815e84020
  GoogleDataTransportCCTSupport: 0f39025e8cf51f168711bd3fb773938d7e62ddb5
  GoogleMaps: 086ae1dab659eaa7339bdb30fc88e2f44e7c597c
  GooglePlaces: 5d87ca13ed98b7a937e0d8bc7026f718c7263271
  GoogleUtilities: 7f2f5a07f888cdb145101d6042bc4422f57e70b3
  HGPlaceholders: cbf8caed8360fc2ab5e8a4610cce61f76fbd2c37
  iCarousel: d782f635afac190c49bb8ee455882284cff8b85f
  IQDropDownTextField: 79293d19042b6f2ee6f02decf4a0e68e59e4f327
  IQKeyboardManagerSwift: c7df9d2deb356c04522f5c4b7b6e4ce4d8ed94fe
  libPhoneNumber-iOS: 0a32a9525cf8744fe02c5206eb30d571e38f7d75
  nanopb: 18003b5e52dab79db540fe93fe9579f399bd1ccd
  PromisesObjC: 3113f7f76903778cf4a0586bd1ab89329a0b7b97
  Protobuf: 7327d4444215b5f18e560a97f879ff5503c4581c
  ReadMoreTextView: 19147adf93abce6d7271e14031a00303fe28720d
  SDWebImage: a7f831e1a65eb5e285e3fb046a23fcfbf08e696d
  Socket.IO-Client-Swift: 7cb44c0ffb86e158cee32d0642d30ec5fdcf8f61
  Starscream: 4bb2f9942274833f7b4d296a55504dcfc7edb7b0
  SwiftGifOrigin: fbd6cf37afcfcf97a5c3db996ddc0492e5c5c145
  TOCropViewController: d86078d3a57a70c116bf3db7c89c80046a0e5fdf

PODFILE CHECKSUM: 288d976f69a7a0df30fd99f110c4cfb8af6f4db2

COCOAPODS: 1.10.1
